// !$*UTF8*$!
{
	archiveVersion = 1;
	classes = {
	};
	objectVersion = 46;
	objects = {

/* Begin PBXBuildFile section */
		825E7D191C6B6C52003D9681 /* main.m in Sources */ = {isa = PBXBuildFile; fileRef = 825E7D181C6B6C52003D9681 /* main.m */; };
		825E7D1C1C6B6C52003D9681 /* AppDelegate.m in Sources */ = {isa = PBXBuildFile; fileRef = 825E7D1B1C6B6C52003D9681 /* AppDelegate.m */; };
		825E7D1F1C6B6C52003D9681 /* ViewController.m in Sources */ = {isa = PBXBuildFile; fileRef = 825E7D1E1C6B6C52003D9681 /* ViewController.m */; };
		825E7D221C6B6C52003D9681 /* Main.storyboard in Resources */ = {isa = PBXBuildFile; fileRef = 825E7D201C6B6C52003D9681 /* Main.storyboard */; };
		825E7D241C6B6C53003D9681 /* Assets.xcassets in Resources */ = {isa = PBXBuildFile; fileRef = 825E7D231C6B6C53003D9681 /* Assets.xcassets */; };
		825E7D271C6B6C53003D9681 /* LaunchScreen.storyboard in Resources */ = {isa = PBXBuildFile; fileRef = 825E7D251C6B6C53003D9681 /* LaunchScreen.storyboard */; };
/* End PBXBuildFile section */

/* Begin PBXFileReference section */
		825E7D141C6B6C52003D9681 /* JenkinsCI.app */ = {isa = PBXFileReference; explicitFileType = wrapper.application; includeInIndex = 0; path = JenkinsCI.app; sourceTree = BUILT_PRODUCTS_DIR; };
		825E7D181C6B6C52003D9681 /* main.m */ = {isa = PBXFileReference; lastKnownFileType = sourcecode.c.objc; path = main.m; sourceTree = "<group>"; };
		825E7D1A1C6B6C52003D9681 /* AppDelegate.h */ = {isa = PBXFileReference; lastKnownFileType = sourcecode.c.h; path = AppDelegate.h; sourceTree = "<group>"; };
		825E7D1B1C6B6C52003D9681 /* AppDelegate.m */ = {isa = PBXFileReference; lastKnownFileType = sourcecode.c.objc; path = AppDelegate.m; sourceTree = "<group>"; };
		825E7D1D1C6B6C52003D9681 /* ViewController.h */ = {isa = PBXFileReference; lastKnownFileType = sourcecode.c.h; path = ViewController.h; sourceTree = "<group>"; };
		825E7D1E1C6B6C52003D9681 /* ViewController.m */ = {isa = PBXFileReference; lastKnownFileType = sourcecode.c.objc; path = ViewController.m; sourceTree = "<group>"; };
		825E7D211C6B6C52003D9681 /* Base */ = {isa = PBXFileReference; lastKnownFileType = file.storyboard; name = Base; path = Base.lproj/Main.storyboard; sourceTree = "<group>"; };
		825E7D231C6B6C53003D9681 /* Assets.xcassets */ = {isa = PBXFileReference; lastKnownFileType = folder.assetcatalog; path = Assets.xcassets; sourceTree = "<group>"; };
		825E7D261C6B6C53003D9681 /* Base */ = {isa = PBXFileReference; lastKnownFileType = file.storyboard; name = Base; path = Base.lproj/LaunchScreen.storyboard; sourceTree = "<group>"; };
		825E7D281C6B6C53003D9681 /* Info.plist */ = {isa = PBXFileReference; lastKnownFileType = text.plist.xml; path = Info.plist; sourceTree = "<group>"; };
/* End PBXFileReference section */

/* Begin PBXFrameworksBuildPhase section */
		825E7D111C6B6C52003D9681 /* Frameworks */ = {
			isa = PBXFrameworksBuildPhase;
			buildActionMask = 2147483647;
			files = (
			);
			runOnlyForDeploymentPostprocessing = 0;
		};
/* End PBXFrameworksBuildPhase section */

/* Begin PBXGroup section */
		825E7D0B1C6B6C52003D9681 = {
			isa = PBXGroup;
			children = (
				825E7D161C6B6C52003D9681 /* JenkinsCI */,
				825E7D151C6B6C52003D9681 /* Products */,
			);
			sourceTree = "<group>";
		};
		825E7D151C6B6C52003D9681 /* Products */ = {
			isa = PBXGroup;
			children = (
				825E7D141C6B6C52003D9681 /* JenkinsCI.app */,
			);
			name = Products;
			sourceTree = "<group>";
		};
		825E7D161C6B6C52003D9681 /* JenkinsCI */ = {
			isa = PBXGroup;
			children = (
				825E7D1A1C6B6C52003D9681 /* AppDelegate.h */,
				825E7D1B1C6B6C52003D9681 /* AppDelegate.m */,
				825E7D1D1C6B6C52003D9681 /* ViewController.h */,
				825E7D1E1C6B6C52003D9681 /* ViewController.m */,
				825E7D201C6B6C52003D9681 /* Main.storyboard */,
				825E7D231C6B6C53003D9681 /* Assets.xcassets */,
				825E7D251C6B6C53003D9681 /* LaunchScreen.storyboard */,
				825E7D281C6B6C53003D9681 /* Info.plist */,
				825E7D171C6B6C52003D9681 /* Supporting Files */,
			);
			path = JenkinsCI;
			sourceTree = "<group>";
		};
		825E7D171C6B6C52003D9681 /* Supporting Files */ = {
			isa = PBXGroup;
			children = (
				825E7D181C6B6C52003D9681 /* main.m */,
			);
			name = "Supporting Files";
			sourceTree = "<group>";
		};
/* End PBXGroup section */

/* Begin PBXNativeTarget section */
		825E7D131C6B6C52003D9681 /* JenkinsCI */ = {
			isa = PBXNativeTarget;
			buildConfigurationList = 825E7D2B1C6B6C53003D9681 /* Build configuration list for PBXNativeTarget "JenkinsCI" */;
			buildPhases = (
				825E7D101C6B6C52003D9681 /* Sources */,
				825E7D111C6B6C52003D9681 /* Frameworks */,
				825E7D121C6B6C52003D9681 /* Resources */,
			);
			buildRules = (
			);
			dependencies = (
			);
			name = JenkinsCI;
			productName = JenkinsCI;
			productReference = 825E7D141C6B6C52003D9681 /* JenkinsCI.app */;
			productType = "com.apple.product-type.application";
		};
/* End PBXNativeTarget section */

/* Begin PBXProject section */
		825E7D0C1C6B6C52003D9681 /* Project object */ = {
			isa = PBXProject;
			attributes = {
				LastUpgradeCheck = 0720;
				ORGANIZATIONNAME = TATA;
				TargetAttributes = {
					825E7D131C6B6C52003D9681 = {
						CreatedOnToolsVersion = 7.2;
					};
				};
			};
			buildConfigurationList = 825E7D0F1C6B6C52003D9681 /* Build configuration list for PBXProject "JenkinsCI" */;
			compatibilityVersion = "Xcode 3.2";
			developmentRegion = English;
			hasScannedForEncodings = 0;
			knownRegions = (
				en,
				Base,
			);
			mainGroup = 825E7D0B1C6B6C52003D9681;
			productRefGroup = 825E7D151C6B6C52003D9681 /* Products */;
			projectDirPath = "";
			projectRoot = "";
			targets = (
				825E7D131C6B6C52003D9681 /* JenkinsCI */,
			);
		};
/* End PBXProject section */

/* Begin PBXResourcesBuildPhase section */
		825E7D121C6B6C52003D9681 /* Resources */ = {
			isa = PBXResourcesBuildPhase;
			buildActionMask = 2147483647;
			files = (
				825E7D271C6B6C53003D9681 /* LaunchScreen.storyboard in Resources */,
				825E7D241C6B6C53003D9681 /* Assets.xcassets in Resources */,
				825E7D221C6B6C52003D9681 /* Main.storyboard in Resources */,
			);
			runOnlyForDeploymentPostprocessing = 0;
		};
/* End PBXResourcesBuildPhase section */

/* Begin PBXSourcesBuildPhase section */
		825E7D101C6B6C52003D9681 /* Sources */ = {
			isa = PBXSourcesBuildPhase;
			buildActionMask = 2147483647;
			files = (
				825E7D1F1C6B6C52003D9681 /* ViewController.m in Sources */,
				825E7D1C1C6B6C52003D9681 /* AppDelegate.m in Sources */,
				825E7D191C6B6C52003D9681 /* main.m in Sources */,
			);
			runOnlyForDeploymentPostprocessing = 0;
		};
/* End PBXSourcesBuildPhase section */

/* Begin PBXVariantGroup section */
		825E7D201C6B6C52003D9681 /* Main.storyboard */ = {
			isa = PBXVariantGroup;
			children = (
				825E7D211C6B6C52003D9681 /* Base */,
			);
			name = Main.storyboard;
			sourceTree = "<group>";
		};
		825E7D251C6B6C53003D9681 /* LaunchScreen.storyboard */ = {
			isa = PBXVariantGroup;
			children = (
				825E7D261C6B6C53003D9681 /* Base */,
			);
			name = LaunchScreen.storyboard;
			sourceTree = "<group>";
		};
/* End PBXVariantGroup section */

/* Begin XCBuildConfiguration section */
		825E7D291C6B6C53003D9681 /* Debug */ = {
			isa = XCBuildConfiguration;
			buildSettings = {
				ALWAYS_SEARCH_USER_PATHS = NO;
				CLANG_CXX_LANGUAGE_STANDARD = "gnu++0x";
				CLANG_CXX_LIBRARY = "libc++";
				CLANG_ENABLE_MODULES = YES;
				CLANG_ENABLE_OBJC_ARC = YES;
				CLANG_WARN_BOOL_CONVERSION = YES;
				CLANG_WARN_CONSTANT_CONVERSION = YES;
				CLANG_WARN_DIRECT_OBJC_ISA_USAGE = YES_ERROR;
				CLANG_WARN_EMPTY_BODY = YES;
				CLANG_WARN_ENUM_CONVERSION = YES;
				CLANG_WARN_INT_CONVERSION = YES;
				CLANG_WARN_OBJC_ROOT_CLASS = YES_ERROR;
				CLANG_WARN_UNREACHABLE_CODE = YES;
				CLANG_WARN__DUPLICATE_METHOD_MATCH = YES;
				"CODE_SIGN_IDENTITY[sdk=iphoneos*]" = "iPhone Developer";
				COPY_PHASE_STRIP = NO;
				DEBUG_INFORMATION_FORMAT = dwarf;
				ENABLE_STRICT_OBJC_MSGSEND = YES;
				ENABLE_TESTABILITY = YES;
				GCC_C_LANGUAGE_STANDARD = gnu99;
				GCC_DYNAMIC_NO_PIC = NO;
				GCC_NO_COMMON_BLOCKS = YES;
				GCC_OPTIMIZATION_LEVEL = 0;
				GCC_PREPROCESSOR_DEFINITIONS = (
					"DEBUG=1",
					"$(inherited)",
				);
				GCC_WARN_64_TO_32_BIT_CONVERSION = YES;
				GCC_WARN_ABOUT_RETURN_TYPE = YES_ERROR;
				GCC_WARN_UNDECLARED_SELECTOR = YES;
				GCC_WARN_UNINITIALIZED_AUTOS = YES_AGGRESSIVE;
				GCC_WARN_UNUSED_FUNCTION = YES;
				GCC_WARN_UNUSED_VARIABLE = YES;
				IPHONEOS_DEPLOYMENT_TARGET = 9.2;
				MTL_ENABLE_DEBUG_INFO = YES;
				ONLY_ACTIVE_ARCH = YES;
				SDKROOT = iphoneos;
			};
			name = Debug;
		};
		825E7D2A1C6B6C53003D9681 /* Release */ = {
			isa = XCBuildConfiguration;
			buildSettings = {
				ALWAYS_SEARCH_USER_PATHS = NO;
				CLANG_CXX_LANGUAGE_STANDARD = "gnu++0x";
				CLANG_CXX_LIBRARY = "libc++";
				CLANG_ENABLE_MODULES = YES;
				CLANG_ENABLE_OBJC_ARC = YES;
				CLANG_WARN_BOOL_CONVERSION = YES;
				CLANG_WARN_CONSTANT_CONVERSION = YES;
				CLANG_WARN_DIRECT_OBJC_ISA_USAGE = YES_ERROR;
				CLANG_WARN_EMPTY_BODY = YES;
				CLANG_WARN_ENUM_CONVERSION = YES;
				CLANG_WARN_INT_CONVERSION = YES;
				CLANG_WARN_OBJC_ROOT_CLASS = YES_ERROR;
				CLANG_WARN_UNREACHABLE_CODE = YES;
				CLANG_WARN__DUPLICATE_METHOD_MATCH = YES;
				"CODE_SIGN_IDENTITY[sdk=iphoneos*]" = "iPhone Developer";
				COPY_PHASE_STRIP = NO;
				DEBUG_INFORMATION_FORMAT = "dwarf-with-dsym";
				ENABLE_NS_ASSERTIONS = NO;
				ENABLE_STRICT_OBJC_MSGSEND = YES;
				GCC_C_LANGUAGE_STANDARD = gnu99;
				GCC_NO_COMMON_BLOCKS = YES;
				GCC_WARN_64_TO_32_BIT_CONVERSION = YES;
				GCC_WARN_ABOUT_RETURN_TYPE = YES_ERROR;
				GCC_WARN_UNDECLARED_SELECTOR = YES;
				GCC_WARN_UNINITIALIZED_AUTOS = YES_AGGRESSIVE;
				GCC_WARN_UNUSED_FUNCTION = YES;
				GCC_WARN_UNUSED_VARIABLE = YES;
				IPHONEOS_DEPLOYMENT_TARGET = 9.2;
				MTL_ENABLE_DEBUG_INFO = NO;
				SDKROOT = iphoneos;
				VALIDATE_PRODUCT = YES;
			};
			name = Release;
		};
		825E7D2C1C6B6C53003D9681 /* Debug */ = {
			isa = XCBuildConfiguration;
			buildSettings = {
				ASSETCATALOG_COMPILER_APPICON_NAME = AppIcon;
				INFOPLIST_FILE = JenkinsCI/Info.plist;
				LD_RUNPATH_SEARCH_PATHS = "$(inherited) @executable_path/Frameworks";
				PRODUCT_BUNDLE_IDENTIFIER = tcs.JenkinsCI;
				PRODUCT_NAME = "$(TARGET_NAME)";
			};
			name = Debug;
		};
		825E7D2D1C6B6C53003D9681 /* Release */ = {
			isa = XCBuildConfiguration;
			buildSettings = {
				ASSETCATALOG_COMPILER_APPICON_NAME = AppIcon;
				INFOPLIST_FILE = JenkinsCI/Info.plist;
				LD_RUNPATH_SEARCH_PATHS = "$(inherited) @executable_path/Frameworks";
				PRODUCT_BUNDLE_IDENTIFIER = tcs.JenkinsCI;
				PRODUCT_NAME = "$(TARGET_NAME)";
			};
			name = Release;
		};
/* End XCBuildConfiguration section */

/* Begin XCConfigurationList section */
		825E7D0F1C6B6C52003D9681 /* Build configuration list for PBXProject "JenkinsCI" */ = {
			isa = XCConfigurationList;
			buildConfigurations = (
				825E7D291C6B6C53003D9681 /* Debug */,
				825E7D2A1C6B6C53003D9681 /* Release */,
			);
			defaultConfigurationIsVisible = 0;
			defaultConfigurationName = Release;
		};
		825E7D2B1C6B6C53003D9681 /* Build configuration list for PBXNativeTarget "JenkinsCI" */ = {
			isa = XCConfigurationList;
			buildConfigurations = (
				825E7D2C1C6B6C53003D9681 /* Debug */,
				825E7D2D1C6B6C53003D9681 /* Release */,
			);
			defaultConfigurationIsVisible = 0;
		};
/* End XCConfigurationList section */
	};
	rootObject = 825E7D0C1C6B6C52003D9681 /* Project object */;
}
